
Microsoft Visual Studio Solution File, Format Version 12.00
# Visual Studio Version 17
VisualStudioVersion = 17.13.35931.197
MinimumVisualStudioVersion = 10.0.40219.1
Project("{FAE04EC0-301F-11D3-BF4B-00C04F79EFBC}") = "API", "API\API.csproj", "{72EC49BA-CE33-4A98-A557-4C0CE4B50BD7}"
EndProject
Project("{E53339B2-1760-4266-BCC7-CA923CBCF16C}") = "docker-compose", "..\docker-compose.dcproj", "{81DDED9D-158B-E303-5F62-77A2896D2A5A}"
EndProject
Project("{FAE04EC0-301F-11D3-BF4B-00C04F79EFBC}") = "API.Tests", "API.Tests\API.Tests.csproj", "{E8F43B95-967A-4A63-B89B-9BE56AD95854}"
EndProject
Global
	GlobalSection(SolutionConfigurationPlatforms) = preSolution
		Debug|Any CPU = Debug|Any CPU
		Release|Any CPU = Release|Any CPU
	EndGlobalSection
	GlobalSection(ProjectConfigurationPlatforms) = postSolution
		{72EC49BA-CE33-4A98-A557-4C0CE4B50BD7}.Debug|Any CPU.ActiveCfg = Debug|Any CPU
		{72EC49BA-CE33-4A98-A557-4C0CE4B50BD7}.Debug|Any CPU.Build.0 = Debug|Any CPU
		{72EC49BA-CE33-4A98-A557-4C0CE4B50BD7}.Release|Any CPU.ActiveCfg = Release|Any CPU
		{72EC49BA-CE33-4A98-A557-4C0CE4B50BD7}.Release|Any CPU.Build.0 = Release|Any CPU
		{81DDED9D-158B-E303-5F62-77A2896D2A5A}.Debug|Any CPU.ActiveCfg = Debug|Any CPU
		{81DDED9D-158B-E303-5F62-77A2896D2A5A}.Debug|Any CPU.Build.0 = Debug|Any CPU
		{81DDED9D-158B-E303-5F62-77A2896D2A5A}.Release|Any CPU.ActiveCfg = Release|Any CPU
		{81DDED9D-158B-E303-5F62-77A2896D2A5A}.Release|Any CPU.Build.0 = Release|Any CPU
		{E8F43B95-967A-4A63-B89B-9BE56AD95854}.Debug|Any CPU.ActiveCfg = Debug|Any CPU
		{E8F43B95-967A-4A63-B89B-9BE56AD95854}.Debug|Any CPU.Build.0 = Debug|Any CPU
		{E8F43B95-967A-4A63-B89B-9BE56AD95854}.Release|Any CPU.ActiveCfg = Release|Any CPU
		{E8F43B95-967A-4A63-B89B-9BE56AD95854}.Release|Any CPU.Build.0 = Release|Any CPU
	EndGlobalSection
	GlobalSection(SolutionProperties) = preSolution
		HideSolutionNode = FALSE
	EndGlobalSection
	GlobalSection(ExtensibilityGlobals) = postSolution
		SolutionGuid = {B5E3E427-F646-4EED-A13F-F72E49B968FC}
	EndGlobalSection
EndGlobal
